// !$*UTF8*$!
{
	archiveVersion = 1;
	classes = {
	};
	objectVersion = 77;
	objects = {

/* Begin PBXBuildFile section */
		22329D6FBB05702461761C78 /* DemoMode.swift in Sources */ = {isa = PBXBuildFile; fileRef = BE321B63E1F514832A361DE6 /* DemoMode.swift */; };
		2A3160E19BD851C678EA0473 /* DemoDataFactory.swift in Sources */ = {isa = PBXBuildFile; fileRef = AFEF2C8498F6C1E5FDADF17B /* DemoDataFactory.swift */; };
		4BB56399DE3B1A0C6BA84EF4 /* HiddenWindowView.swift in Sources */ = {isa = PBXBuildFile; fileRef = F6B97F8102248886B550DDAD /* HiddenWindowView.swift */; };
		5a6ee497cf8c49b78e30153f /* Date+RelativeTime.swift in Sources */ = {isa = PBXBuildFile; fileRef = f30e8fa27e314cbb9c51dada /* Date+RelativeTime.swift */; };
		688FC48D2EA563180010F082 /* WhisperKit in Frameworks */ = {isa = PBXBuildFile; productRef = 688FC48C2EA563180010F082 /* WhisperKit */; };
		688FC4902EA563240010F082 /* KeyboardShortcuts in Frameworks */ = {isa = PBXBuildFile; productRef = 688FC48F2EA563240010F082 /* KeyboardShortcuts */; };
		688FC4D02EA563590010F082 /* Assets.xcassets in Resources */ = {isa = PBXBuildFile; fileRef = 688FC4CC2EA563590010F082 /* Assets.xcassets */; };
		688FC4D22EA563590010F082 /* VoiceScribeApp.swift in Sources */ = {isa = PBXBuildFile; fileRef = 688FC4B72EA563590010F082 /* VoiceScribeApp.swift */; };
		688FC4D32EA563590010F082 /* WhisperKitService.swift in Sources */ = {isa = PBXBuildFile; fileRef = 688FC4C42EA563590010F082 /* WhisperKitService.swift */; };
		688FC4D42EA563590010F082 /* TranscriptionService.swift in Sources */ = {isa = PBXBuildFile; fileRef = 688FC4BC2EA563590010F082 /* TranscriptionService.swift */; };
		688FC4D62EA563590010F082 /* AppState.swift in Sources */ = {isa = PBXBuildFile; fileRef = 688FC4B92EA563590010F082 /* AppState.swift */; };
		688FC4D72EA563590010F082 /* SettingsView.swift in Sources */ = {isa = PBXBuildFile; fileRef = 688FC4C92EA563590010F082 /* SettingsView.swift */; };
		688FC4D82EA563590010F082 /* OpenAIService.swift in Sources */ = {isa = PBXBuildFile; fileRef = 688FC4C32EA563590010F082 /* OpenAIService.swift */; };
		688FC4D92EA563590010F082 /* KeychainRepository.swift in Sources */ = {isa = PBXBuildFile; fileRef = 688FC4BF2EA563590010F082 /* KeychainRepository.swift */; };
		688FC4DB2EA563590010F082 /* AudioRecorder.swift in Sources */ = {isa = PBXBuildFile; fileRef = 688FC4C22EA563590010F082 /* AudioRecorder.swift */; };
		688FC4DC2EA563590010F082 /* TranscriptionRecord.swift in Sources */ = {isa = PBXBuildFile; fileRef = 688FC4BB2EA563590010F082 /* TranscriptionRecord.swift */; };
		688FC4DD2EA563590010F082 /* MenuBarController.swift in Sources */ = {isa = PBXBuildFile; fileRef = 688FC4B62EA563590010F082 /* MenuBarController.swift */; };
		688FC4DE2EA563590010F082 /* HotkeyManager.swift in Sources */ = {isa = PBXBuildFile; fileRef = 688FC4B52EA563590010F082 /* HotkeyManager.swift */; };
		688FC4DF2EA563590010F082 /* VoiceScribeError.swift in Sources */ = {isa = PBXBuildFile; fileRef = 688FC4BD2EA563590010F082 /* VoiceScribeError.swift */; };
		688FC4E02EA563590010F082 /* AppFocusManager.swift in Sources */ = {isa = PBXBuildFile; fileRef = 688FC4E12EA563590010F082 /* AppFocusManager.swift */; };
		688FC4E22EA563590010F082 /* PasteSimulator.swift in Sources */ = {isa = PBXBuildFile; fileRef = 688FC4E32EA563590010F082 /* PasteSimulator.swift */; };
		701843d9b6cd4807bc3f7a3a /* HistoryView.swift in Sources */ = {isa = PBXBuildFile; fileRef = 890d01bf660e4a958d04321b /* HistoryView.swift */; };
		985AC248CCA44A1F9E0696B3 /* MLXService.swift in Sources */ = {isa = PBXBuildFile; fileRef = 6E6E5C195E684FCF8EE41B0D /* MLXService.swift */; };
		A1B2C3D62EA563470010F082 /* MLX in Frameworks */ = {isa = PBXBuildFile; productRef = A1B2C3D42EA563450010F082 /* MLX */; };
		A1B2C3D72EA563480010F082 /* MLXRandom in Frameworks */ = {isa = PBXBuildFile; productRef = A1B2C3D52EA563460010F082 /* MLXRandom */; };
		A1B2C3D92EA5634A0010F082 /* MLXLLM in Frameworks */ = {isa = PBXBuildFile; productRef = A1B2C3D82EA563490010F082 /* MLXLLM */; };
		A1B2C3DB2EA5634C0010F082 /* MLXLMCommon in Frameworks */ = {isa = PBXBuildFile; productRef = A1B2C3DA2EA5634B0010F082 /* MLXLMCommon */; };
		A1B2C3E12EA563610010F082 /* FloatingRecordBar.swift in Sources */ = {isa = PBXBuildFile; fileRef = A1B2C3E02EA563600010F082 /* FloatingRecordBar.swift */; };
		A1B2C3E22EA563600010F082 /* RecordingState.swift in Sources */ = {isa = PBXBuildFile; fileRef = A1B2C3E12EA563600010F082 /* RecordingState.swift */; };
		A1B2C3E42EA563600010F082 /* KeychainRepositoryProtocol.swift in Sources */ = {isa = PBXBuildFile; fileRef = A1B2C3E32EA563600010F082 /* KeychainRepositoryProtocol.swift */; };
		A1B2C3EB2EA563600010F082 /* AudioRecordingClient.swift in Sources */ = {isa = PBXBuildFile; fileRef = A1B2C3E62EA563600010F082 /* AudioRecordingClient.swift */; };
		A1B2C3EC2EA563600010F082 /* AppFocusClient.swift in Sources */ = {isa = PBXBuildFile; fileRef = A1B2C3E72EA563600010F082 /* AppFocusClient.swift */; };
		A1B2C3ED2EA563600010F082 /* PasteClient.swift in Sources */ = {isa = PBXBuildFile; fileRef = A1B2C3E82EA563600010F082 /* PasteClient.swift */; };
		A1B2C3EE2EA563600010F082 /* ClipboardClient.swift in Sources */ = {isa = PBXBuildFile; fileRef = A1B2C3E92EA563600010F082 /* ClipboardClient.swift */; };
		A1B2C3EF2EA563600010F082 /* PasteboardClipboardClient.swift in Sources */ = {isa = PBXBuildFile; fileRef = A1B2C3EA2EA563600010F082 /* PasteboardClipboardClient.swift */; };
		B2F4D5A22EA7C00100000001 /* HistoryRepositoryProtocol.swift in Sources */ = {isa = PBXBuildFile; fileRef = B2F4D5A12EA7C00100000001 /* HistoryRepositoryProtocol.swift */; };
		B2F4D5A42EA7C00100000001 /* HistoryRepository.swift in Sources */ = {isa = PBXBuildFile; fileRef = B2F4D5A32EA7C00100000001 /* HistoryRepository.swift */; };
		B2F4D5B92EA7C10000000001 /* AudioRecordingClientSpy.swift in Sources */ = {isa = PBXBuildFile; fileRef = B2F4D5B22EA7C10000000001 /* AudioRecordingClientSpy.swift */; };
		B2F4D5BA2EA7C10000000001 /* AppFocusClientSpy.swift in Sources */ = {isa = PBXBuildFile; fileRef = B2F4D5B32EA7C10000000001 /* AppFocusClientSpy.swift */; };
		B2F4D5BB2EA7C10000000001 /* PasteClientSpy.swift in Sources */ = {isa = PBXBuildFile; fileRef = B2F4D5B42EA7C10000000001 /* PasteClientSpy.swift */; };
		B2F4D5BC2EA7C10000000001 /* ClipboardClientSpy.swift in Sources */ = {isa = PBXBuildFile; fileRef = B2F4D5B52EA7C10000000001 /* ClipboardClientSpy.swift */; };
		B2F4D5BD2EA7C10000000001 /* HistoryRepositoryFake.swift in Sources */ = {isa = PBXBuildFile; fileRef = B2F4D5B62EA7C10000000001 /* HistoryRepositoryFake.swift */; };
		B2F4D5BE2EA7C10000000001 /* TranscriptionServiceStub.swift in Sources */ = {isa = PBXBuildFile; fileRef = B2F4D5B72EA7C10000000001 /* TranscriptionServiceStub.swift */; };
		B2F4D5BF2EA7C10000000001 /* KeychainRepositoryFake.swift in Sources */ = {isa = PBXBuildFile; fileRef = B2F4D5B82EA7C10000000001 /* KeychainRepositoryFake.swift */; };
		B2F4D5CB2EA7C20000000001 /* XCTest.framework in Frameworks */ = {isa = PBXBuildFile; fileRef = B2F4D5CA2EA7C20000000001 /* XCTest.framework */; };
		B2F4D5CC2EA7C20000000001 /* VoiceScribeErrorTests.swift in Sources */ = {isa = PBXBuildFile; fileRef = B2F4D5C82EA7C20000000001 /* VoiceScribeErrorTests.swift */; };
		C1A2B3C42EA8000000000001 /* AppStateTests.swift in Sources */ = {isa = PBXBuildFile; fileRef = C1A2B3C02EA8000000000001 /* AppStateTests.swift */; };
		C1A2B3C52EA8000000000001 /* RecordingStateTests.swift in Sources */ = {isa = PBXBuildFile; fileRef = C1A2B3C12EA8000000000001 /* RecordingStateTests.swift */; };
		C1A2B3C62EA8000000000001 /* TestConstants.swift in Sources */ = {isa = PBXBuildFile; fileRef = C1A2B3C22EA8000000000001 /* TestConstants.swift */; };
		C1A2B3C72EA8000000000001 /* TestError.swift in Sources */ = {isa = PBXBuildFile; fileRef = C1A2B3C32EA8000000000001 /* TestError.swift */; };
		F00DBA5E2F5A000000000002 /* SettingsStore.swift in Sources */ = {isa = PBXBuildFile; fileRef = F00DBA5E2F5A000000000001 /* SettingsStore.swift */; };
/* End PBXBuildFile section */

/* Begin PBXContainerItemProxy section */
		B2F4D5CD2EA7C20000000001 /* PBXContainerItemProxy */ = {
			isa = PBXContainerItemProxy;
			containerPortal = 68491FAF2EA562C3003F79B2 /* Project object */;
			proxyType = 1;
			remoteGlobalIDString = 68491FB62EA562C3003F79B2;
			remoteInfo = VoiceScribe;
		};
/* End PBXContainerItemProxy section */

/* Begin PBXFileReference section */
		68491FB72EA562C3003F79B2 /* VoiceScribe.app */ = {isa = PBXFileReference; explicitFileType = wrapper.application; includeInIndex = 0; path = VoiceScribe.app; sourceTree = BUILT_PRODUCTS_DIR; };
		688FC4B52EA563590010F082 /* HotkeyManager.swift */ = {isa = PBXFileReference; lastKnownFileType = sourcecode.swift; path = HotkeyManager.swift; sourceTree = "<group>"; };
		688FC4B62EA563590010F082 /* MenuBarController.swift */ = {isa = PBXFileReference; lastKnownFileType = sourcecode.swift; path = MenuBarController.swift; sourceTree = "<group>"; };
		688FC4B72EA563590010F082 /* VoiceScribeApp.swift */ = {isa = PBXFileReference; lastKnownFileType = sourcecode.swift; path = VoiceScribeApp.swift; sourceTree = "<group>"; };
		688FC4B92EA563590010F082 /* AppState.swift */ = {isa = PBXFileReference; lastKnownFileType = sourcecode.swift; path = AppState.swift; sourceTree = "<group>"; };
		688FC4BB2EA563590010F082 /* TranscriptionRecord.swift */ = {isa = PBXFileReference; lastKnownFileType = sourcecode.swift; path = TranscriptionRecord.swift; sourceTree = "<group>"; };
		688FC4BC2EA563590010F082 /* TranscriptionService.swift */ = {isa = PBXFileReference; lastKnownFileType = sourcecode.swift; path = TranscriptionService.swift; sourceTree = "<group>"; };
		688FC4BD2EA563590010F082 /* VoiceScribeError.swift */ = {isa = PBXFileReference; lastKnownFileType = sourcecode.swift; path = VoiceScribeError.swift; sourceTree = "<group>"; };
		688FC4BF2EA563590010F082 /* KeychainRepository.swift */ = {isa = PBXFileReference; lastKnownFileType = sourcecode.swift; path = KeychainRepository.swift; sourceTree = "<group>"; };
		688FC4C22EA563590010F082 /* AudioRecorder.swift */ = {isa = PBXFileReference; lastKnownFileType = sourcecode.swift; path = AudioRecorder.swift; sourceTree = "<group>"; };
		688FC4C32EA563590010F082 /* OpenAIService.swift */ = {isa = PBXFileReference; lastKnownFileType = sourcecode.swift; path = OpenAIService.swift; sourceTree = "<group>"; };
		688FC4C42EA563590010F082 /* WhisperKitService.swift */ = {isa = PBXFileReference; lastKnownFileType = sourcecode.swift; path = WhisperKitService.swift; sourceTree = "<group>"; };
		688FC4C92EA563590010F082 /* SettingsView.swift */ = {isa = PBXFileReference; lastKnownFileType = sourcecode.swift; path = SettingsView.swift; sourceTree = "<group>"; };
		688FC4CC2EA563590010F082 /* Assets.xcassets */ = {isa = PBXFileReference; lastKnownFileType = folder.assetcatalog; path = Assets.xcassets; sourceTree = "<group>"; };
		688FC4E12EA563590010F082 /* AppFocusManager.swift */ = {isa = PBXFileReference; lastKnownFileType = sourcecode.swift; path = AppFocusManager.swift; sourceTree = "<group>"; };
		688FC4E32EA563590010F082 /* PasteSimulator.swift */ = {isa = PBXFileReference; lastKnownFileType = sourcecode.swift; path = PasteSimulator.swift; sourceTree = "<group>"; };
		6E6E5C195E684FCF8EE41B0D /* MLXService.swift */ = {isa = PBXFileReference; lastKnownFileType = sourcecode.swift; path = MLXService.swift; sourceTree = "<group>"; };
		890d01bf660e4a958d04321b /* HistoryView.swift */ = {isa = PBXFileReference; lastKnownFileType = sourcecode.swift; path = HistoryView.swift; sourceTree = "<group>"; };
		A1B2C3E02EA563600010F082 /* FloatingRecordBar.swift */ = {isa = PBXFileReference; lastKnownFileType = sourcecode.swift; path = FloatingRecordBar.swift; sourceTree = "<group>"; };
		A1B2C3E12EA563600010F082 /* RecordingState.swift */ = {isa = PBXFileReference; lastKnownFileType = sourcecode.swift; path = RecordingState.swift; sourceTree = "<group>"; };
		A1B2C3E32EA563600010F082 /* KeychainRepositoryProtocol.swift */ = {isa = PBXFileReference; lastKnownFileType = sourcecode.swift; path = KeychainRepositoryProtocol.swift; sourceTree = "<group>"; };
		A1B2C3E62EA563600010F082 /* AudioRecordingClient.swift */ = {isa = PBXFileReference; lastKnownFileType = sourcecode.swift; path = AudioRecordingClient.swift; sourceTree = "<group>"; };
		A1B2C3E72EA563600010F082 /* AppFocusClient.swift */ = {isa = PBXFileReference; lastKnownFileType = sourcecode.swift; path = AppFocusClient.swift; sourceTree = "<group>"; };
		A1B2C3E82EA563600010F082 /* PasteClient.swift */ = {isa = PBXFileReference; lastKnownFileType = sourcecode.swift; path = PasteClient.swift; sourceTree = "<group>"; };
		A1B2C3E92EA563600010F082 /* ClipboardClient.swift */ = {isa = PBXFileReference; lastKnownFileType = sourcecode.swift; path = ClipboardClient.swift; sourceTree = "<group>"; };
		A1B2C3EA2EA563600010F082 /* PasteboardClipboardClient.swift */ = {isa = PBXFileReference; lastKnownFileType = sourcecode.swift; path = PasteboardClipboardClient.swift; sourceTree = "<group>"; };
		AFEF2C8498F6C1E5FDADF17B /* DemoDataFactory.swift */ = {isa = PBXFileReference; includeInIndex = 1; lastKnownFileType = sourcecode.swift; path = VoiceScribe/Utilities/DemoDataFactory.swift; sourceTree = SOURCE_ROOT; };
		B2F4D5A12EA7C00100000001 /* HistoryRepositoryProtocol.swift */ = {isa = PBXFileReference; lastKnownFileType = sourcecode.swift; path = HistoryRepositoryProtocol.swift; sourceTree = "<group>"; };
		B2F4D5A32EA7C00100000001 /* HistoryRepository.swift */ = {isa = PBXFileReference; lastKnownFileType = sourcecode.swift; path = HistoryRepository.swift; sourceTree = "<group>"; };
		B2F4D5B22EA7C10000000001 /* AudioRecordingClientSpy.swift */ = {isa = PBXFileReference; lastKnownFileType = sourcecode.swift; path = AudioRecordingClientSpy.swift; sourceTree = "<group>"; };
		B2F4D5B32EA7C10000000001 /* AppFocusClientSpy.swift */ = {isa = PBXFileReference; lastKnownFileType = sourcecode.swift; path = AppFocusClientSpy.swift; sourceTree = "<group>"; };
		B2F4D5B42EA7C10000000001 /* PasteClientSpy.swift */ = {isa = PBXFileReference; lastKnownFileType = sourcecode.swift; path = PasteClientSpy.swift; sourceTree = "<group>"; };
		B2F4D5B52EA7C10000000001 /* ClipboardClientSpy.swift */ = {isa = PBXFileReference; lastKnownFileType = sourcecode.swift; path = ClipboardClientSpy.swift; sourceTree = "<group>"; };
		B2F4D5B62EA7C10000000001 /* HistoryRepositoryFake.swift */ = {isa = PBXFileReference; lastKnownFileType = sourcecode.swift; path = HistoryRepositoryFake.swift; sourceTree = "<group>"; };
		B2F4D5B72EA7C10000000001 /* TranscriptionServiceStub.swift */ = {isa = PBXFileReference; lastKnownFileType = sourcecode.swift; path = TranscriptionServiceStub.swift; sourceTree = "<group>"; };
		B2F4D5B82EA7C10000000001 /* KeychainRepositoryFake.swift */ = {isa = PBXFileReference; lastKnownFileType = sourcecode.swift; path = KeychainRepositoryFake.swift; sourceTree = "<group>"; };
		B2F4D5C72EA7C20000000001 /* VoiceScribeTests.xctest */ = {isa = PBXFileReference; explicitFileType = wrapper.cfbundle; includeInIndex = 0; path = VoiceScribeTests.xctest; sourceTree = BUILT_PRODUCTS_DIR; };
		B2F4D5C82EA7C20000000001 /* VoiceScribeErrorTests.swift */ = {isa = PBXFileReference; lastKnownFileType = sourcecode.swift; path = VoiceScribeErrorTests.swift; sourceTree = "<group>"; };
		B2F4D5C92EA7C20000000001 /* Info.plist */ = {isa = PBXFileReference; lastKnownFileType = text.plist.xml; path = Info.plist; sourceTree = "<group>"; };
		B2F4D5CA2EA7C20000000001 /* XCTest.framework */ = {isa = PBXFileReference; lastKnownFileType = wrapper.framework; name = XCTest.framework; path = System/Library/Frameworks/XCTest.framework; sourceTree = SDKROOT; };
		BE321B63E1F514832A361DE6 /* DemoMode.swift */ = {isa = PBXFileReference; includeInIndex = 1; lastKnownFileType = sourcecode.swift; path = VoiceScribe/Utilities/DemoMode.swift; sourceTree = SOURCE_ROOT; };
		C1A2B3C02EA8000000000001 /* AppStateTests.swift */ = {isa = PBXFileReference; lastKnownFileType = sourcecode.swift; path = AppStateTests.swift; sourceTree = "<group>"; };
		C1A2B3C12EA8000000000001 /* RecordingStateTests.swift */ = {isa = PBXFileReference; lastKnownFileType = sourcecode.swift; path = RecordingStateTests.swift; sourceTree = "<group>"; };
		C1A2B3C22EA8000000000001 /* TestConstants.swift */ = {isa = PBXFileReference; lastKnownFileType = sourcecode.swift; path = TestConstants.swift; sourceTree = "<group>"; };
		C1A2B3C32EA8000000000001 /* TestError.swift */ = {isa = PBXFileReference; lastKnownFileType = sourcecode.swift; path = TestError.swift; sourceTree = "<group>"; };
		F00DBA5E2F5A000000000001 /* SettingsStore.swift */ = {isa = PBXFileReference; lastKnownFileType = sourcecode.swift; path = SettingsStore.swift; sourceTree = "<group>"; };
		F6B97F8102248886B550DDAD /* HiddenWindowView.swift */ = {isa = PBXFileReference; lastKnownFileType = sourcecode.swift; path = HiddenWindowView.swift; sourceTree = "<group>"; };
		f30e8fa27e314cbb9c51dada /* Date+RelativeTime.swift */ = {isa = PBXFileReference; lastKnownFileType = sourcecode.swift; path = "Date+RelativeTime.swift"; sourceTree = "<group>"; };
/* End PBXFileReference section */

/* Begin PBXFrameworksBuildPhase section */
		68491FB42EA562C3003F79B2 /* Frameworks */ = {
			isa = PBXFrameworksBuildPhase;
			buildActionMask = 2147483647;
			files = (
				688FC48D2EA563180010F082 /* WhisperKit in Frameworks */,
				688FC4902EA563240010F082 /* KeyboardShortcuts in Frameworks */,
				A1B2C3D62EA563470010F082 /* MLX in Frameworks */,
				A1B2C3D72EA563480010F082 /* MLXRandom in Frameworks */,
				A1B2C3D92EA5634A0010F082 /* MLXLLM in Frameworks */,
				A1B2C3DB2EA5634C0010F082 /* MLXLMCommon in Frameworks */,
			);
			runOnlyForDeploymentPostprocessing = 0;
		};
		B2F4D5C52EA7C20000000001 /* Frameworks */ = {
			isa = PBXFrameworksBuildPhase;
			buildActionMask = 2147483647;
			files = (
				B2F4D5CB2EA7C20000000001 /* XCTest.framework in Frameworks */,
			);
			runOnlyForDeploymentPostprocessing = 0;
		};
/* End PBXFrameworksBuildPhase section */

/* Begin PBXGroup section */
		68491FAE2EA562C3003F79B2 = {
			isa = PBXGroup;
			children = (
				D1E2F3A42EA9000000000001 /* VoiceScribe */,
				B2F4D5CF2EA7C20000000001 /* VoiceScribeTests */,
				68491FB82EA562C3003F79B2 /* Products */,
				B2F4D5D02EA7C20000000001 /* Frameworks */,
			);
			sourceTree = "<group>";
		};
		68491FB82EA562C3003F79B2 /* Products */ = {
			isa = PBXGroup;
			children = (
				68491FB72EA562C3003F79B2 /* VoiceScribe.app */,
				B2F4D5C72EA7C20000000001 /* VoiceScribeTests.xctest */,
			);
			name = Products;
			sourceTree = "<group>";
		};
		688FC4B82EA563590010F082 /* App */ = {
			isa = PBXGroup;
			children = (
				688FC4B92EA563590010F082 /* AppState.swift */,
				F00DBA5E2F5A000000000001 /* SettingsStore.swift */,
				688FC4B52EA563590010F082 /* HotkeyManager.swift */,
				688FC4B62EA563590010F082 /* MenuBarController.swift */,
				688FC4B72EA563590010F082 /* VoiceScribeApp.swift */,
			);
			path = App;
			sourceTree = "<group>";
		};
		688FC4BA2EA563590010F082 /* Protocols */ = {
			isa = PBXGroup;
			children = (
				A1B2C3E62EA563600010F082 /* AudioRecordingClient.swift */,
				A1B2C3E72EA563600010F082 /* AppFocusClient.swift */,
				A1B2C3E92EA563600010F082 /* ClipboardClient.swift */,
				A1B2C3E82EA563600010F082 /* PasteClient.swift */,
				688FC4BC2EA563590010F082 /* TranscriptionService.swift */,
			);
			path = Protocols;
			sourceTree = "<group>";
		};
		688FC4C02EA563590010F082 /* Repositories */ = {
			isa = PBXGroup;
			children = (
				B2F4D5A32EA7C00100000001 /* HistoryRepository.swift */,
				688FC4BF2EA563590010F082 /* KeychainRepository.swift */,
				A1B2C3E52EA563600010F082 /* Protocols */,
			);
			path = Repositories;
			sourceTree = "<group>";
		};
		688FC4C12EA563590010F082 /* Models */ = {
			isa = PBXGroup;
			children = (
				f30e8fa27e314cbb9c51dada /* Date+RelativeTime.swift */,
				688FC4BB2EA563590010F082 /* TranscriptionRecord.swift */,
				A1B2C3E12EA563600010F082 /* RecordingState.swift */,
				688FC4BD2EA563590010F082 /* VoiceScribeError.swift */,
			);
			path = Models;
			sourceTree = "<group>";
		};
		688FC4C52EA563590010F082 /* Services */ = {
			isa = PBXGroup;
			children = (
				688FC4E12EA563590010F082 /* AppFocusManager.swift */,
				688FC4C22EA563590010F082 /* AudioRecorder.swift */,
				6E6E5C195E684FCF8EE41B0D /* MLXService.swift */,
				688FC4C32EA563590010F082 /* OpenAIService.swift */,
				A1B2C3EA2EA563600010F082 /* PasteboardClipboardClient.swift */,
				688FC4E32EA563590010F082 /* PasteSimulator.swift */,
				688FC4BA2EA563590010F082 /* Protocols */,
				688FC4C42EA563590010F082 /* WhisperKitService.swift */,
			);
			path = Services;
			sourceTree = "<group>";
		};
		688FC4C62EA563590010F082 /* Shared */ = {
			isa = PBXGroup;
			children = (
			);
			path = Shared;
			sourceTree = "<group>";
		};
		688FC4C82EA563590010F082 /* Recording */ = {
			isa = PBXGroup;
			children = (
				A1B2C3E02EA563600010F082 /* FloatingRecordBar.swift */,
			);
			path = Recording;
			sourceTree = "<group>";
		};
		688FC4CA2EA563590010F082 /* Settings */ = {
			isa = PBXGroup;
			children = (
				688FC4C92EA563590010F082 /* SettingsView.swift */,
			);
			path = Settings;
			sourceTree = "<group>";
		};
		688FC4CB2EA563590010F082 /* Views */ = {
			isa = PBXGroup;
			children = (
				688FC4CE2EA563590010F082 /* History */,
				688FC4C82EA563590010F082 /* Recording */,
				688FC4CA2EA563590010F082 /* Settings */,
				91CB001D6614E028CD622FAB /* Utility */,
			);
			path = Views;
			sourceTree = "<group>";
		};
		688FC4CE2EA563590010F082 /* History */ = {
			isa = PBXGroup;
			children = (
				890d01bf660e4a958d04321b /* HistoryView.swift */,
			);
			path = History;
			sourceTree = "<group>";
		};
		874FDF193C1F0ACACAC7DE84 /* Utilities */ = {
			isa = PBXGroup;
			children = (
				BE321B63E1F514832A361DE6 /* DemoMode.swift */,
				AFEF2C8498F6C1E5FDADF17B /* DemoDataFactory.swift */,
			);
			name = Utilities;
			path = VoiceScribe/Utilities;
			sourceTree = SOURCE_ROOT;
		};
		91CB001D6614E028CD622FAB /* Utility */ = {
			isa = PBXGroup;
			children = (
				F6B97F8102248886B550DDAD /* HiddenWindowView.swift */,
			);
			path = Utility;
			sourceTree = "<group>";
		};
		A1B2C3E52EA563600010F082 /* Protocols */ = {
			isa = PBXGroup;
			children = (
				B2F4D5A12EA7C00100000001 /* HistoryRepositoryProtocol.swift */,
				A1B2C3E32EA563600010F082 /* KeychainRepositoryProtocol.swift */,
			);
			path = Protocols;
			sourceTree = "<group>";
		};
		B2F4D5B02EA7C10000000001 /* TestSupport */ = {
			isa = PBXGroup;
			children = (
				C1A2B3C22EA8000000000001 /* TestConstants.swift */,
				C1A2B3C32EA8000000000001 /* TestError.swift */,
			);
			path = TestSupport;
			sourceTree = "<group>";
		};
		B2F4D5B12EA7C10000000001 /* TestDoubles */ = {
			isa = PBXGroup;
			children = (
				B2F4D5B22EA7C10000000001 /* AudioRecordingClientSpy.swift */,
				B2F4D5B32EA7C10000000001 /* AppFocusClientSpy.swift */,
				B2F4D5B42EA7C10000000001 /* PasteClientSpy.swift */,
				B2F4D5B52EA7C10000000001 /* ClipboardClientSpy.swift */,
				B2F4D5B62EA7C10000000001 /* HistoryRepositoryFake.swift */,
				B2F4D5B72EA7C10000000001 /* TranscriptionServiceStub.swift */,
				B2F4D5B82EA7C10000000001 /* KeychainRepositoryFake.swift */,
			);
			path = TestDoubles;
			sourceTree = "<group>";
		};
		B2F4D5CF2EA7C20000000001 /* VoiceScribeTests */ = {
			isa = PBXGroup;
			children = (
				C1A2B3C02EA8000000000001 /* AppStateTests.swift */,
				C1A2B3C12EA8000000000001 /* RecordingStateTests.swift */,
				B2F4D5C82EA7C20000000001 /* VoiceScribeErrorTests.swift */,
				B2F4D5C92EA7C20000000001 /* Info.plist */,
				B2F4D5B12EA7C10000000001 /* TestDoubles */,
				B2F4D5B02EA7C10000000001 /* TestSupport */,
			);
			path = VoiceScribeTests;
			sourceTree = "<group>";
		};
		B2F4D5D02EA7C20000000001 /* Frameworks */ = {
			isa = PBXGroup;
			children = (
				B2F4D5CA2EA7C20000000001 /* XCTest.framework */,
			);
			name = Frameworks;
			sourceTree = "<group>";
		};
		D1E2F3A42EA9000000000001 /* VoiceScribe */ = {
			isa = PBXGroup;
			children = (
				688FC4B82EA563590010F082 /* App */,
				688FC4C12EA563590010F082 /* Models */,
				688FC4C02EA563590010F082 /* Repositories */,
				688FC4C52EA563590010F082 /* Services */,
				688FC4C62EA563590010F082 /* Shared */,
				688FC4CB2EA563590010F082 /* Views */,
				688FC4CC2EA563590010F082 /* Assets.xcassets */,
				874FDF193C1F0ACACAC7DE84 /* Utilities */,
			);
			path = VoiceScribe;
			sourceTree = "<group>";
		};
/* End PBXGroup section */

/* Begin PBXNativeTarget section */
		68491FB62EA562C3003F79B2 /* VoiceScribe */ = {
			isa = PBXNativeTarget;
			buildConfigurationList = 68491FC42EA562C4003F79B2 /* Build configuration list for PBXNativeTarget "VoiceScribe" */;
			buildPhases = (
				68491FB32EA562C3003F79B2 /* Sources */,
				68491FB42EA562C3003F79B2 /* Frameworks */,
				68491FB52EA562C3003F79B2 /* Resources */,
			);
			buildRules = (
			);
			dependencies = (
			);
			name = VoiceScribe;
			packageProductDependencies = (
				688FC48C2EA563180010F082 /* WhisperKit */,
				688FC48F2EA563240010F082 /* KeyboardShortcuts */,
				A1B2C3D42EA563450010F082 /* MLX */,
				A1B2C3D52EA563460010F082 /* MLXRandom */,
				A1B2C3D82EA563490010F082 /* MLXLLM */,
				A1B2C3DA2EA5634B0010F082 /* MLXLMCommon */,
			);
			productName = VoiceScribe;
			productReference = 68491FB72EA562C3003F79B2 /* VoiceScribe.app */;
			productType = "com.apple.product-type.application";
		};
		B2F4D5C02EA7C20000000001 /* VoiceScribeTests */ = {
			isa = PBXNativeTarget;
			buildConfigurationList = B2F4D5C12EA7C20000000001 /* Build configuration list for PBXNativeTarget "VoiceScribeTests" */;
			buildPhases = (
				B2F4D5C42EA7C20000000001 /* Sources */,
				B2F4D5C52EA7C20000000001 /* Frameworks */,
				B2F4D5C62EA7C20000000001 /* Resources */,
			);
			buildRules = (
			);
			dependencies = (
				B2F4D5CE2EA7C20000000001 /* PBXTargetDependency */,
			);
			name = VoiceScribeTests;
			productName = VoiceScribeTests;
			productReference = B2F4D5C72EA7C20000000001 /* VoiceScribeTests.xctest */;
			productType = "com.apple.product-type.bundle.unit-test";
		};
/* End PBXNativeTarget section */

/* Begin PBXProject section */
		68491FAF2EA562C3003F79B2 /* Project object */ = {
			isa = PBXProject;
			attributes = {
				BuildIndependentTargetsInParallel = 1;
				LastSwiftUpdateCheck = 2600;
				LastUpgradeCheck = 2600;
				TargetAttributes = {
					68491FB62EA562C3003F79B2 = {
						CreatedOnToolsVersion = 26.0.1;
					};
					B2F4D5C02EA7C20000000001 = {
						CreatedOnToolsVersion = 26.0.1;
						TestTargetID = 68491FB62EA562C3003F79B2;
					};
				};
			};
			buildConfigurationList = 68491FB22EA562C3003F79B2 /* Build configuration list for PBXProject "VoiceScribe" */;
			developmentRegion = en;
			hasScannedForEncodings = 0;
			knownRegions = (
				en,
				Base,
			);
			mainGroup = 68491FAE2EA562C3003F79B2;
			minimizedProjectReferenceProxies = 1;
			packageReferences = (
				688FC48B2EA563180010F082 /* XCRemoteSwiftPackageReference "WhisperKit" */,
				688FC48E2EA563240010F082 /* XCRemoteSwiftPackageReference "KeyboardShortcuts" */,
				68534FB42EBCD52300E3CC30 /* XCRemoteSwiftPackageReference "mlx-swift-examples" */,
			);
			preferredProjectObjectVersion = 77;
			productRefGroup = 68491FB82EA562C3003F79B2 /* Products */;
			projectDirPath = "";
			projectRoot = "";
			targets = (
				68491FB62EA562C3003F79B2 /* VoiceScribe */,
				B2F4D5C02EA7C20000000001 /* VoiceScribeTests */,
			);
		};
/* End PBXProject section */

/* Begin PBXResourcesBuildPhase section */
		68491FB52EA562C3003F79B2 /* Resources */ = {
			isa = PBXResourcesBuildPhase;
			buildActionMask = 2147483647;
			files = (
				688FC4D02EA563590010F082 /* Assets.xcassets in Resources */,
			);
			runOnlyForDeploymentPostprocessing = 0;
		};
		B2F4D5C62EA7C20000000001 /* Resources */ = {
			isa = PBXResourcesBuildPhase;
			buildActionMask = 2147483647;
			files = (
			);
			runOnlyForDeploymentPostprocessing = 0;
		};
/* End PBXResourcesBuildPhase section */

/* Begin PBXSourcesBuildPhase section */
		68491FB32EA562C3003F79B2 /* Sources */ = {
			isa = PBXSourcesBuildPhase;
			buildActionMask = 2147483647;
			files = (
				688FC4D22EA563590010F082 /* VoiceScribeApp.swift in Sources */,
				688FC4D32EA563590010F082 /* WhisperKitService.swift in Sources */,
				688FC4D42EA563590010F082 /* TranscriptionService.swift in Sources */,
				688FC4D62EA563590010F082 /* AppState.swift in Sources */,
				F00DBA5E2F5A000000000002 /* SettingsStore.swift in Sources */,
				688FC4D72EA563590010F082 /* SettingsView.swift in Sources */,
				688FC4D82EA563590010F082 /* OpenAIService.swift in Sources */,
				985AC248CCA44A1F9E0696B3 /* MLXService.swift in Sources */,
				688FC4D92EA563590010F082 /* KeychainRepository.swift in Sources */,
				B2F4D5A42EA7C00100000001 /* HistoryRepository.swift in Sources */,
				A1B2C3E42EA563600010F082 /* KeychainRepositoryProtocol.swift in Sources */,
				B2F4D5A22EA7C00100000001 /* HistoryRepositoryProtocol.swift in Sources */,
				A1B2C3E12EA563610010F082 /* FloatingRecordBar.swift in Sources */,
				A1B2C3EB2EA563600010F082 /* AudioRecordingClient.swift in Sources */,
				A1B2C3EC2EA563600010F082 /* AppFocusClient.swift in Sources */,
				A1B2C3EE2EA563600010F082 /* ClipboardClient.swift in Sources */,
				A1B2C3ED2EA563600010F082 /* PasteClient.swift in Sources */,
				A1B2C3EF2EA563600010F082 /* PasteboardClipboardClient.swift in Sources */,
				688FC4DB2EA563590010F082 /* AudioRecorder.swift in Sources */,
				688FC4DC2EA563590010F082 /* TranscriptionRecord.swift in Sources */,
				A1B2C3E22EA563600010F082 /* RecordingState.swift in Sources */,
				688FC4DD2EA563590010F082 /* MenuBarController.swift in Sources */,
				688FC4DE2EA563590010F082 /* HotkeyManager.swift in Sources */,
				688FC4DF2EA563590010F082 /* VoiceScribeError.swift in Sources */,
				688FC4E02EA563590010F082 /* AppFocusManager.swift in Sources */,
				688FC4E22EA563590010F082 /* PasteSimulator.swift in Sources */,
				701843d9b6cd4807bc3f7a3a /* HistoryView.swift in Sources */,
				5a6ee497cf8c49b78e30153f /* Date+RelativeTime.swift in Sources */,
				4BB56399DE3B1A0C6BA84EF4 /* HiddenWindowView.swift in Sources */,
				22329D6FBB05702461761C78 /* DemoMode.swift in Sources */,
				2A3160E19BD851C678EA0473 /* DemoDataFactory.swift in Sources */,
			);
			runOnlyForDeploymentPostprocessing = 0;
		};
		B2F4D5C42EA7C20000000001 /* Sources */ = {
			isa = PBXSourcesBuildPhase;
			buildActionMask = 2147483647;
			files = (
				C1A2B3C42EA8000000000001 /* AppStateTests.swift in Sources */,
				C1A2B3C52EA8000000000001 /* RecordingStateTests.swift in Sources */,
				B2F4D5CC2EA7C20000000001 /* VoiceScribeErrorTests.swift in Sources */,
				C1A2B3C62EA8000000000001 /* TestConstants.swift in Sources */,
				C1A2B3C72EA8000000000001 /* TestError.swift in Sources */,
				B2F4D5B92EA7C10000000001 /* AudioRecordingClientSpy.swift in Sources */,
				B2F4D5BA2EA7C10000000001 /* AppFocusClientSpy.swift in Sources */,
				B2F4D5BB2EA7C10000000001 /* PasteClientSpy.swift in Sources */,
				B2F4D5BC2EA7C10000000001 /* ClipboardClientSpy.swift in Sources */,
				B2F4D5BD2EA7C10000000001 /* HistoryRepositoryFake.swift in Sources */,
				B2F4D5BE2EA7C10000000001 /* TranscriptionServiceStub.swift in Sources */,
				B2F4D5BF2EA7C10000000001 /* KeychainRepositoryFake.swift in Sources */,
			);
			runOnlyForDeploymentPostprocessing = 0;
		};
/* End PBXSourcesBuildPhase section */

/* Begin PBXTargetDependency section */
		B2F4D5CE2EA7C20000000001 /* PBXTargetDependency */ = {
			isa = PBXTargetDependency;
			target = 68491FB62EA562C3003F79B2 /* VoiceScribe */;
			targetProxy = B2F4D5CD2EA7C20000000001 /* PBXContainerItemProxy */;
		};
/* End PBXTargetDependency section */

/* Begin XCBuildConfiguration section */
		68491FC22EA562C4003F79B2 /* Debug */ = {
			isa = XCBuildConfiguration;
			buildSettings = {
				ALWAYS_SEARCH_USER_PATHS = NO;
				ASSETCATALOG_COMPILER_GENERATE_SWIFT_ASSET_SYMBOL_EXTENSIONS = YES;
				CLANG_ANALYZER_NONNULL = YES;
				CLANG_ANALYZER_NUMBER_OBJECT_CONVERSION = YES_AGGRESSIVE;
				CLANG_CXX_LANGUAGE_STANDARD = "gnu++20";
				CLANG_ENABLE_MODULES = YES;
				CLANG_ENABLE_OBJC_ARC = YES;
				CLANG_ENABLE_OBJC_WEAK = YES;
				CLANG_WARN_BLOCK_CAPTURE_AUTORELEASING = YES;
				CLANG_WARN_BOOL_CONVERSION = YES;
				CLANG_WARN_COMMA = YES;
				CLANG_WARN_CONSTANT_CONVERSION = YES;
				CLANG_WARN_DEPRECATED_OBJC_IMPLEMENTATIONS = YES;
				CLANG_WARN_DIRECT_OBJC_ISA_USAGE = YES_ERROR;
				CLANG_WARN_DOCUMENTATION_COMMENTS = YES;
				CLANG_WARN_EMPTY_BODY = YES;
				CLANG_WARN_ENUM_CONVERSION = YES;
				CLANG_WARN_INFINITE_RECURSION = YES;
				CLANG_WARN_INT_CONVERSION = YES;
				CLANG_WARN_NON_LITERAL_NULL_CONVERSION = YES;
				CLANG_WARN_OBJC_IMPLICIT_RETAIN_SELF = YES;
				CLANG_WARN_OBJC_LITERAL_CONVERSION = YES;
				CLANG_WARN_OBJC_ROOT_CLASS = YES_ERROR;
				CLANG_WARN_QUOTED_INCLUDE_IN_FRAMEWORK_HEADER = YES;
				CLANG_WARN_RANGE_LOOP_ANALYSIS = YES;
				CLANG_WARN_STRICT_PROTOTYPES = YES;
				CLANG_WARN_SUSPICIOUS_MOVE = YES;
				CLANG_WARN_UNGUARDED_AVAILABILITY = YES_AGGRESSIVE;
				CLANG_WARN_UNREACHABLE_CODE = YES;
				CLANG_WARN__DUPLICATE_METHOD_MATCH = YES;
				COPY_PHASE_STRIP = NO;
				DEAD_CODE_STRIPPING = YES;
				DEBUG_INFORMATION_FORMAT = dwarf;
				DEVELOPMENT_TEAM = ANGUD7343N;
				ENABLE_STRICT_OBJC_MSGSEND = YES;
				ENABLE_TESTABILITY = YES;
				ENABLE_USER_SCRIPT_SANDBOXING = YES;
				GCC_C_LANGUAGE_STANDARD = gnu17;
				GCC_DYNAMIC_NO_PIC = NO;
				GCC_NO_COMMON_BLOCKS = YES;
				GCC_OPTIMIZATION_LEVEL = 0;
				GCC_PREPROCESSOR_DEFINITIONS = (
					"DEBUG=1",
					"$(inherited)",
				);
				GCC_WARN_64_TO_32_BIT_CONVERSION = YES;
				GCC_WARN_ABOUT_RETURN_TYPE = YES_ERROR;
				GCC_WARN_UNDECLARED_SELECTOR = YES;
				GCC_WARN_UNINITIALIZED_AUTOS = YES_AGGRESSIVE;
				GCC_WARN_UNUSED_FUNCTION = YES;
				GCC_WARN_UNUSED_VARIABLE = YES;
				LOCALIZATION_PREFERS_STRING_CATALOGS = YES;
				MACOSX_DEPLOYMENT_TARGET = 14.0;
				MTL_ENABLE_DEBUG_INFO = INCLUDE_SOURCE;
				MTL_FAST_MATH = YES;
				ONLY_ACTIVE_ARCH = YES;
				SDKROOT = macosx;
				STRING_CATALOG_GENERATE_SYMBOLS = YES;
				SWIFT_ACTIVE_COMPILATION_CONDITIONS = "DEBUG $(inherited)";
				SWIFT_OPTIMIZATION_LEVEL = "-Onone";
				SWIFT_VERSION = 6.0;
			};
			name = Debug;
		};
		68491FC32EA562C4003F79B2 /* Release */ = {
			isa = XCBuildConfiguration;
			buildSettings = {
				ALWAYS_SEARCH_USER_PATHS = NO;
				ASSETCATALOG_COMPILER_GENERATE_SWIFT_ASSET_SYMBOL_EXTENSIONS = YES;
				CLANG_ANALYZER_NONNULL = YES;
				CLANG_ANALYZER_NUMBER_OBJECT_CONVERSION = YES_AGGRESSIVE;
				CLANG_CXX_LANGUAGE_STANDARD = "gnu++20";
				CLANG_ENABLE_MODULES = YES;
				CLANG_ENABLE_OBJC_ARC = YES;
				CLANG_ENABLE_OBJC_WEAK = YES;
				CLANG_WARN_BLOCK_CAPTURE_AUTORELEASING = YES;
				CLANG_WARN_BOOL_CONVERSION = YES;
				CLANG_WARN_COMMA = YES;
				CLANG_WARN_CONSTANT_CONVERSION = YES;
				CLANG_WARN_DEPRECATED_OBJC_IMPLEMENTATIONS = YES;
				CLANG_WARN_DIRECT_OBJC_ISA_USAGE = YES_ERROR;
				CLANG_WARN_DOCUMENTATION_COMMENTS = YES;
				CLANG_WARN_EMPTY_BODY = YES;
				CLANG_WARN_ENUM_CONVERSION = YES;
				CLANG_WARN_INFINITE_RECURSION = YES;
				CLANG_WARN_INT_CONVERSION = YES;
				CLANG_WARN_NON_LITERAL_NULL_CONVERSION = YES;
				CLANG_WARN_OBJC_IMPLICIT_RETAIN_SELF = YES;
				CLANG_WARN_OBJC_LITERAL_CONVERSION = YES;
				CLANG_WARN_OBJC_ROOT_CLASS = YES_ERROR;
				CLANG_WARN_QUOTED_INCLUDE_IN_FRAMEWORK_HEADER = YES;
				CLANG_WARN_RANGE_LOOP_ANALYSIS = YES;
				CLANG_WARN_STRICT_PROTOTYPES = YES;
				CLANG_WARN_SUSPICIOUS_MOVE = YES;
				CLANG_WARN_UNGUARDED_AVAILABILITY = YES_AGGRESSIVE;
				CLANG_WARN_UNREACHABLE_CODE = YES;
				CLANG_WARN__DUPLICATE_METHOD_MATCH = YES;
				COPY_PHASE_STRIP = NO;
				DEAD_CODE_STRIPPING = YES;
				DEBUG_INFORMATION_FORMAT = "dwarf-with-dsym";
				DEVELOPMENT_TEAM = ANGUD7343N;
				ENABLE_NS_ASSERTIONS = NO;
				ENABLE_STRICT_OBJC_MSGSEND = YES;
				ENABLE_USER_SCRIPT_SANDBOXING = YES;
				GCC_C_LANGUAGE_STANDARD = gnu17;
				GCC_NO_COMMON_BLOCKS = YES;
				GCC_WARN_64_TO_32_BIT_CONVERSION = YES;
				GCC_WARN_ABOUT_RETURN_TYPE = YES_ERROR;
				GCC_WARN_UNDECLARED_SELECTOR = YES;
				GCC_WARN_UNINITIALIZED_AUTOS = YES_AGGRESSIVE;
				GCC_WARN_UNUSED_FUNCTION = YES;
				GCC_WARN_UNUSED_VARIABLE = YES;
				LOCALIZATION_PREFERS_STRING_CATALOGS = YES;
				MACOSX_DEPLOYMENT_TARGET = 14.0;
				MTL_ENABLE_DEBUG_INFO = NO;
				MTL_FAST_MATH = YES;
				SDKROOT = macosx;
				STRING_CATALOG_GENERATE_SYMBOLS = YES;
				SWIFT_COMPILATION_MODE = wholemodule;
				SWIFT_VERSION = 6.0;
			};
			name = Release;
		};
		68491FC52EA562C4003F79B2 /* Debug */ = {
			isa = XCBuildConfiguration;
			buildSettings = {
				ASSETCATALOG_COMPILER_APPICON_NAME = AppIcon;
				ASSETCATALOG_COMPILER_GLOBAL_ACCENT_COLOR_NAME = AccentColor;
				CODE_SIGN_ENTITLEMENTS = VoiceScribe/VoiceScribe.entitlements;
				CODE_SIGN_STYLE = Automatic;
				COMBINE_HIDPI_IMAGES = YES;
				CURRENT_PROJECT_VERSION = 1;
				DEAD_CODE_STRIPPING = YES;
				DEVELOPMENT_TEAM = ANGUD7343N;
				ENABLE_APP_SANDBOX = YES;
				ENABLE_HARDENED_RUNTIME = YES;
				ENABLE_OUTGOING_NETWORK_CONNECTIONS = YES;
				ENABLE_PREVIEWS = YES;
				ENABLE_RESOURCE_ACCESS_AUDIO_INPUT = YES;
				ENABLE_USER_SELECTED_FILES = readwrite;
				GENERATE_INFOPLIST_FILE = YES;
				INFOPLIST_KEY_CFBundleDisplayName = "";
				INFOPLIST_KEY_NSAppleEventsUsageDescription = "VoiceScribe needs accessibility permission to automatically paste transcriptions into your apps.";
				INFOPLIST_KEY_NSHumanReadableCopyright = "Copyright © 2025 Edd Mann";
				INFOPLIST_KEY_NSMicrophoneUsageDescription = "VoiceScribe needs microphone access to record audio for transcription.";
				LD_RUNPATH_SEARCH_PATHS = (
					"$(inherited)",
					"@executable_path/../Frameworks",
				);
				MARKETING_VERSION = 1.0;
				PRODUCT_BUNDLE_IDENTIFIER = com.eddmann.VoiceScribe;
				PRODUCT_NAME = "$(TARGET_NAME)";
				REGISTER_APP_GROUPS = YES;
				STRING_CATALOG_GENERATE_SYMBOLS = YES;
				SWIFT_APPROACHABLE_CONCURRENCY = YES;
				SWIFT_DEFAULT_ACTOR_ISOLATION = MainActor;
				SWIFT_EMIT_LOC_STRINGS = YES;
				SWIFT_UPCOMING_FEATURE_MEMBER_IMPORT_VISIBILITY = YES;
				SWIFT_VERSION = 6.0;
			};
			name = Debug;
		};
		68491FC62EA562C4003F79B2 /* Release */ = {
			isa = XCBuildConfiguration;
			buildSettings = {
				ASSETCATALOG_COMPILER_APPICON_NAME = AppIcon;
				ASSETCATALOG_COMPILER_GLOBAL_ACCENT_COLOR_NAME = AccentColor;
				CODE_SIGN_ENTITLEMENTS = VoiceScribe/VoiceScribe.entitlements;
				CODE_SIGN_STYLE = Automatic;
				COMBINE_HIDPI_IMAGES = YES;
				CURRENT_PROJECT_VERSION = 1;
				DEAD_CODE_STRIPPING = YES;
				DEVELOPMENT_TEAM = ANGUD7343N;
				ENABLE_APP_SANDBOX = YES;
				ENABLE_HARDENED_RUNTIME = YES;
				ENABLE_OUTGOING_NETWORK_CONNECTIONS = YES;
				ENABLE_PREVIEWS = YES;
				ENABLE_RESOURCE_ACCESS_AUDIO_INPUT = YES;
				ENABLE_USER_SELECTED_FILES = readwrite;
				GENERATE_INFOPLIST_FILE = YES;
				INFOPLIST_KEY_CFBundleDisplayName = "";
				INFOPLIST_KEY_NSAppleEventsUsageDescription = "VoiceScribe needs accessibility permission to automatically paste transcriptions into your apps.";
				INFOPLIST_KEY_NSHumanReadableCopyright = "Copyright © 2025 Edd Mann";
				INFOPLIST_KEY_NSMicrophoneUsageDescription = "VoiceScribe needs microphone access to record audio for transcription.";
				LD_RUNPATH_SEARCH_PATHS = (
					"$(inherited)",
					"@executable_path/../Frameworks",
				);
				MARKETING_VERSION = 1.0;
				PRODUCT_BUNDLE_IDENTIFIER = com.eddmann.VoiceScribe;
				PRODUCT_NAME = "$(TARGET_NAME)";
				REGISTER_APP_GROUPS = YES;
				STRING_CATALOG_GENERATE_SYMBOLS = YES;
				SWIFT_APPROACHABLE_CONCURRENCY = YES;
				SWIFT_DEFAULT_ACTOR_ISOLATION = MainActor;
				SWIFT_EMIT_LOC_STRINGS = YES;
				SWIFT_UPCOMING_FEATURE_MEMBER_IMPORT_VISIBILITY = YES;
				SWIFT_VERSION = 6.0;
			};
			name = Release;
		};
		B2F4D5C22EA7C20000000001 /* Debug */ = {
			isa = XCBuildConfiguration;
			buildSettings = {
				BUNDLE_LOADER = "$(TEST_HOST)";
				CODE_SIGN_STYLE = Automatic;
				DEAD_CODE_STRIPPING = YES;
				DEVELOPMENT_TEAM = ANGUD7343N;
				ENABLE_TESTABILITY = YES;
				GENERATE_INFOPLIST_FILE = NO;
				INFOPLIST_FILE = VoiceScribeTests/Info.plist;
				LD_RUNPATH_SEARCH_PATHS = (
					"$(inherited)",
					"@executable_path/../Frameworks",
					"@loader_path/../Frameworks",
				);
				MACOSX_DEPLOYMENT_TARGET = 14.0;
				PRODUCT_BUNDLE_IDENTIFIER = com.eddmann.VoiceScribeTests;
				PRODUCT_NAME = "$(TARGET_NAME)";
				SDKROOT = macosx;
				SWIFT_ACTIVE_COMPILATION_CONDITIONS = "DEBUG $(inherited)";
				SWIFT_OPTIMIZATION_LEVEL = "-Onone";
				SWIFT_VERSION = 6.0;
				TEST_HOST = "$(BUILT_PRODUCTS_DIR)/VoiceScribe.app/Contents/MacOS/VoiceScribe";
			};
			name = Debug;
		};
		B2F4D5C32EA7C20000000001 /* Release */ = {
			isa = XCBuildConfiguration;
			buildSettings = {
				BUNDLE_LOADER = "$(TEST_HOST)";
				CODE_SIGN_STYLE = Automatic;
				DEAD_CODE_STRIPPING = YES;
				DEVELOPMENT_TEAM = ANGUD7343N;
				GENERATE_INFOPLIST_FILE = NO;
				INFOPLIST_FILE = VoiceScribeTests/Info.plist;
				LD_RUNPATH_SEARCH_PATHS = (
					"$(inherited)",
					"@executable_path/../Frameworks",
					"@loader_path/../Frameworks",
				);
				MACOSX_DEPLOYMENT_TARGET = 14.0;
				PRODUCT_BUNDLE_IDENTIFIER = com.eddmann.VoiceScribeTests;
				PRODUCT_NAME = "$(TARGET_NAME)";
				SDKROOT = macosx;
				SWIFT_COMPILATION_MODE = wholemodule;
				SWIFT_VERSION = 6.0;
				TEST_HOST = "$(BUILT_PRODUCTS_DIR)/VoiceScribe.app/Contents/MacOS/VoiceScribe";
			};
			name = Release;
		};
/* End XCBuildConfiguration section */

/* Begin XCConfigurationList section */
		68491FB22EA562C3003F79B2 /* Build configuration list for PBXProject "VoiceScribe" */ = {
			isa = XCConfigurationList;
			buildConfigurations = (
				68491FC22EA562C4003F79B2 /* Debug */,
				68491FC32EA562C4003F79B2 /* Release */,
			);
			defaultConfigurationIsVisible = 0;
			defaultConfigurationName = Release;
		};
		68491FC42EA562C4003F79B2 /* Build configuration list for PBXNativeTarget "VoiceScribe" */ = {
			isa = XCConfigurationList;
			buildConfigurations = (
				68491FC52EA562C4003F79B2 /* Debug */,
				68491FC62EA562C4003F79B2 /* Release */,
			);
			defaultConfigurationIsVisible = 0;
			defaultConfigurationName = Release;
		};
		B2F4D5C12EA7C20000000001 /* Build configuration list for PBXNativeTarget "VoiceScribeTests" */ = {
			isa = XCConfigurationList;
			buildConfigurations = (
				B2F4D5C22EA7C20000000001 /* Debug */,
				B2F4D5C32EA7C20000000001 /* Release */,
			);
			defaultConfigurationIsVisible = 0;
			defaultConfigurationName = Release;
		};
/* End XCConfigurationList section */

/* Begin XCRemoteSwiftPackageReference section */
		68534FB42EBCD52300E3CC30 /* XCRemoteSwiftPackageReference "mlx-swift-examples" */ = {
			isa = XCRemoteSwiftPackageReference;
			repositoryURL = "https://github.com/ml-explore/mlx-swift-examples";
			requirement = {
				kind = upToNextMinorVersion;
				minimumVersion = 2.25.7;
			};
		};
		688FC48B2EA563180010F082 /* XCRemoteSwiftPackageReference "WhisperKit" */ = {
			isa = XCRemoteSwiftPackageReference;
			repositoryURL = "https://github.com/argmaxinc/WhisperKit.git";
			requirement = {
				kind = upToNextMinorVersion;
				minimumVersion = 0.14.1;
			};
		};
		688FC48E2EA563240010F082 /* XCRemoteSwiftPackageReference "KeyboardShortcuts" */ = {
			isa = XCRemoteSwiftPackageReference;
			repositoryURL = "https://github.com/sindresorhus/KeyboardShortcuts.git";
			requirement = {
				kind = upToNextMajorVersion;
				minimumVersion = 2.4.0;
			};
		};
/* End XCRemoteSwiftPackageReference section */

/* Begin XCSwiftPackageProductDependency section */
		688FC48C2EA563180010F082 /* WhisperKit */ = {
			isa = XCSwiftPackageProductDependency;
			package = 688FC48B2EA563180010F082 /* XCRemoteSwiftPackageReference "WhisperKit" */;
			productName = WhisperKit;
		};
		688FC48F2EA563240010F082 /* KeyboardShortcuts */ = {
			isa = XCSwiftPackageProductDependency;
			package = 688FC48E2EA563240010F082 /* XCRemoteSwiftPackageReference "KeyboardShortcuts" */;
			productName = KeyboardShortcuts;
		};
		A1B2C3D42EA563450010F082 /* MLX */ = {
			isa = XCSwiftPackageProductDependency;
			package = 68534FB42EBCD52300E3CC30 /* XCRemoteSwiftPackageReference "mlx-swift-examples" */;
			productName = MLX;
		};
		A1B2C3D52EA563460010F082 /* MLXRandom */ = {
			isa = XCSwiftPackageProductDependency;
			package = 68534FB42EBCD52300E3CC30 /* XCRemoteSwiftPackageReference "mlx-swift-examples" */;
			productName = MLXRandom;
		};
		A1B2C3D82EA563490010F082 /* MLXLLM */ = {
			isa = XCSwiftPackageProductDependency;
			package = 68534FB42EBCD52300E3CC30 /* XCRemoteSwiftPackageReference "mlx-swift-examples" */;
			productName = MLXLLM;
		};
		A1B2C3DA2EA5634B0010F082 /* MLXLMCommon */ = {
			isa = XCSwiftPackageProductDependency;
			package = 68534FB42EBCD52300E3CC30 /* XCRemoteSwiftPackageReference "mlx-swift-examples" */;
			productName = MLXLMCommon;
		};
/* End XCSwiftPackageProductDependency section */
	};
	rootObject = 68491FAF2EA562C3003F79B2 /* Project object */;
}
